
Microsoft Visual Studio Solution File, Format Version 12.00
# Visual Studio Version 17
VisualStudioVersion = 17.8.34330.188
MinimumVisualStudioVersion = 10.0.40219.1
Project("{FAE04EC0-301F-11D3-BF4B-00C04F79EFBC}") = "Dizilerr", "Dizilerr\Dizilerr.csproj", "{1E27DA1D-247E-4D4A-89E4-42CF91B3AD79}"
EndProject
Global
	GlobalSection(SolutionConfigurationPlatforms) = preSolution
		Debug|Any CPU = Debug|Any CPU
		Release|Any CPU = Release|Any CPU
	EndGlobalSection
	GlobalSection(ProjectConfigurationPlatforms) = postSolution
		{1E27DA1D-247E-4D4A-89E4-42CF91B3AD79}.Debug|Any CPU.ActiveCfg = Debug|Any CPU
		{1E27DA1D-247E-4D4A-89E4-42CF91B3AD79}.Debug|Any CPU.Build.0 = Debug|Any CPU
		{1E27DA1D-247E-4D4A-89E4-42CF91B3AD79}.Release|Any CPU.ActiveCfg = Release|Any CPU
		{1E27DA1D-247E-4D4A-89E4-42CF91B3AD79}.Release|Any CPU.Build.0 = Release|Any CPU
	EndGlobalSection
	GlobalSection(SolutionProperties) = preSolution
		HideSolutionNode = FALSE
	EndGlobalSection
	GlobalSection(ExtensibilityGlobals) = postSolution
		SolutionGuid = {4BFD1154-8569-45DB-83A5-EB91243C7AC3}
	EndGlobalSection
EndGlobal
